// !$*UTF8*$!
{
	archiveVersion = 1;
	classes = {
	};
	objectVersion = 77;
	objects = {

/* Begin PBXBuildFile section */
		DB3876CA2DEC94D0001E5BAE /* UIKit.framework in Frameworks */ = {isa = PBXBuildFile; fileRef = DB3876C92DEC94D0001E5BAE /* UIKit.framework */; };
/* End PBXBuildFile section */

/* Begin PBXContainerItemProxy section */
		DB58BF5B2DEA539900CF357F /* PBXContainerItemProxy */ = {
			isa = PBXContainerItemProxy;
			containerPortal = DB58BF3E2DEA539900CF357F /* Project object */;
			proxyType = 1;
			remoteGlobalIDString = DB58BF452DEA539900CF357F;
			remoteInfo = Prosperly;
		};
		DB58BF652DEA539900CF357F /* PBXContainerItemProxy */ = {
			isa = PBXContainerItemProxy;
			containerPortal = DB58BF3E2DEA539900CF357F /* Project object */;
			proxyType = 1;
			remoteGlobalIDString = DB58BF452DEA539900CF357F;
			remoteInfo = Prosperly;
		};
/* End PBXContainerItemProxy section */

/* Begin PBXFileReference section */
		DB3876C92DEC94D0001E5BAE /* UIKit.framework */ = {isa = PBXFileReference; lastKnownFileType = wrapper.framework; name = UIKit.framework; path = Platforms/MacOSX.platform/Developer/SDKs/MacOSX15.4.sdk/System/iOSSupport/System/Library/Frameworks/UIKit.framework; sourceTree = DEVELOPER_DIR; };
		DB58BF462DEA539900CF357F /* Prosperly.app */ = {isa = PBXFileReference; explicitFileType = wrapper.application; includeInIndex = 0; path = Prosperly.app; sourceTree = BUILT_PRODUCTS_DIR; };
		DB58BF5A2DEA539900CF357F /* ProsperlyTests.xctest */ = {isa = PBXFileReference; explicitFileType = wrapper.cfbundle; includeInIndex = 0; path = ProsperlyTests.xctest; sourceTree = BUILT_PRODUCTS_DIR; };
		DB58BF642DEA539900CF357F /* ProsperlyUITests.xctest */ = {isa = PBXFileReference; explicitFileType = wrapper.cfbundle; includeInIndex = 0; path = ProsperlyUITests.xctest; sourceTree = BUILT_PRODUCTS_DIR; };
/* End PBXFileReference section */

/* Begin PBXFileSystemSynchronizedBuildFileExceptionSet section */
		DB58BF6C2DEA539900CF357F /* Exceptions for "Prosperly" folder in "Prosperly" target */ = {
			isa = PBXFileSystemSynchronizedBuildFileExceptionSet;
			membershipExceptions = (
				Info.plist,
			);
			target = DB58BF452DEA539900CF357F /* Prosperly */;
		};
/* End PBXFileSystemSynchronizedBuildFileExceptionSet section */

/* Begin PBXFileSystemSynchronizedRootGroup section */
		DB58BF482DEA539900CF357F /* Prosperly */ = {
			isa = PBXFileSystemSynchronizedRootGroup;
			exceptions = (
				DB58BF6C2DEA539900CF357F /* Exceptions for "Prosperly" folder in "Prosperly" target */,
			);
			path = Prosperly;
			sourceTree = "<group>";
		};
		DB58BF5D2DEA539900CF357F /* ProsperlyTests */ = {
			isa = PBXFileSystemSynchronizedRootGroup;
			path = ProsperlyTests;
			sourceTree = "<group>";
		};
		DB58BF672DEA539900CF357F /* ProsperlyUITests */ = {
			isa = PBXFileSystemSynchronizedRootGroup;
			path = ProsperlyUITests;
			sourceTree = "<group>";
		};
/* End PBXFileSystemSynchronizedRootGroup section */

/* Begin PBXFrameworksBuildPhase section */
		DB58BF432DEA539900CF357F /* Frameworks */ = {
			isa = PBXFrameworksBuildPhase;
			buildActionMask = 2147483647;
			files = (
			);
			runOnlyForDeploymentPostprocessing = 0;
		};
		DB58BF572DEA539900CF357F /* Frameworks */ = {
			isa = PBXFrameworksBuildPhase;
			buildActionMask = 2147483647;
			files = (
				DB3876CA2DEC94D0001E5BAE /* UIKit.framework in Frameworks */,
			);
			runOnlyForDeploymentPostprocessing = 0;
		};
		DB58BF612DEA539900CF357F /* Frameworks */ = {
			isa = PBXFrameworksBuildPhase;
			buildActionMask = 2147483647;
			files = (
			);
			runOnlyForDeploymentPostprocessing = 0;
		};
/* End PBXFrameworksBuildPhase section */

/* Begin PBXGroup section */
		DB3876C82DEC94D0001E5BAE /* Frameworks */ = {
			isa = PBXGroup;
			children = (
				DB3876C92DEC94D0001E5BAE /* UIKit.framework */,
			);
			name = Frameworks;
			sourceTree = "<group>";
		};
		DB58BF3D2DEA539900CF357F = {
			isa = PBXGroup;
			children = (
				DB58BF482DEA539900CF357F /* Prosperly */,
				DB58BF5D2DEA539900CF357F /* ProsperlyTests */,
				DB58BF672DEA539900CF357F /* ProsperlyUITests */,
				DB3876C82DEC94D0001E5BAE /* Frameworks */,
				DB58BF472DEA539900CF357F /* Products */,
			);
			sourceTree = "<group>";
		};
		DB58BF472DEA539900CF357F /* Products */ = {
			isa = PBXGroup;
			children = (
				DB58BF462DEA539900CF357F /* Prosperly.app */,
				DB58BF5A2DEA539900CF357F /* ProsperlyTests.xctest */,
				DB58BF642DEA539900CF357F /* ProsperlyUITests.xctest */,
			);
			name = Products;
			sourceTree = "<group>";
		};
/* End PBXGroup section */

/* Begin PBXNativeTarget section */
		DB58BF452DEA539900CF357F /* Prosperly */ = {
			isa = PBXNativeTarget;
			buildConfigurationList = DB58BF6D2DEA539900CF357F /* Build configuration list for PBXNativeTarget "Prosperly" */;
			buildPhases = (
				DB58BF422DEA539900CF357F /* Sources */,
				DB58BF432DEA539900CF357F /* Frameworks */,
				DB58BF442DEA539900CF357F /* Resources */,
			);
			buildRules = (
			);
			dependencies = (
			);
			fileSystemSynchronizedGroups = (
				DB58BF482DEA539900CF357F /* Prosperly */,
			);
			name = Prosperly;
			packageProductDependencies = (
			);
			productName = Prosperly;
			productReference = DB58BF462DEA539900CF357F /* Prosperly.app */;
			productType = "com.apple.product-type.application";
		};
		DB58BF592DEA539900CF357F /* ProsperlyTests */ = {
			isa = PBXNativeTarget;
			buildConfigurationList = DB58BF722DEA539900CF357F /* Build configuration list for PBXNativeTarget "ProsperlyTests" */;
			buildPhases = (
				DB58BF562DEA539900CF357F /* Sources */,
				DB58BF572DEA539900CF357F /* Frameworks */,
				DB58BF582DEA539900CF357F /* Resources */,
			);
			buildRules = (
			);
			dependencies = (
				DB58BF5C2DEA539900CF357F /* PBXTargetDependency */,
			);
			fileSystemSynchronizedGroups = (
				DB58BF5D2DEA539900CF357F /* ProsperlyTests */,
			);
			name = ProsperlyTests;
			packageProductDependencies = (
			);
			productName = ProsperlyTests;
			productReference = DB58BF5A2DEA539900CF357F /* ProsperlyTests.xctest */;
			productType = "com.apple.product-type.bundle.unit-test";
		};
		DB58BF632DEA539900CF357F /* ProsperlyUITests */ = {
			isa = PBXNativeTarget;
			buildConfigurationList = DB58BF752DEA539900CF357F /* Build configuration list for PBXNativeTarget "ProsperlyUITests" */;
			buildPhases = (
				DB58BF602DEA539900CF357F /* Sources */,
				DB58BF612DEA539900CF357F /* Frameworks */,
				DB58BF622DEA539900CF357F /* Resources */,
			);
			buildRules = (
			);
			dependencies = (
				DB58BF662DEA539900CF357F /* PBXTargetDependency */,
			);
			fileSystemSynchronizedGroups = (
				DB58BF672DEA539900CF357F /* ProsperlyUITests */,
			);
			name = ProsperlyUITests;
			packageProductDependencies = (
			);
			productName = ProsperlyUITests;
			productReference = DB58BF642DEA539900CF357F /* ProsperlyUITests.xctest */;
			productType = "com.apple.product-type.bundle.ui-testing";
		};
/* End PBXNativeTarget section */

/* Begin PBXProject section */
		DB58BF3E2DEA539900CF357F /* Project object */ = {
			isa = PBXProject;
			attributes = {
				BuildIndependentTargetsInParallel = 1;
				LastSwiftUpdateCheck = 1630;
				LastUpgradeCheck = 1630;
				TargetAttributes = {
					DB58BF452DEA539900CF357F = {
						CreatedOnToolsVersion = 16.3;
					};
					DB58BF592DEA539900CF357F = {
						CreatedOnToolsVersion = 16.3;
						TestTargetID = DB58BF452DEA539900CF357F;
					};
					DB58BF632DEA539900CF357F = {
						CreatedOnToolsVersion = 16.3;
						TestTargetID = DB58BF452DEA539900CF357F;
					};
				};
			};
			buildConfigurationList = DB58BF412DEA539900CF357F /* Build configuration list for PBXProject "Prosperly" */;
			developmentRegion = en;
			hasScannedForEncodings = 0;
			knownRegions = (
				en,
				Base,
			);
			mainGroup = DB58BF3D2DEA539900CF357F;
			minimizedProjectReferenceProxies = 1;
			preferredProjectObjectVersion = 77;
			productRefGroup = DB58BF472DEA539900CF357F /* Products */;
			projectDirPath = "";
			projectRoot = "";
			targets = (
				DB58BF452DEA539900CF357F /* Prosperly */,
				DB58BF592DEA539900CF357F /* ProsperlyTests */,
				DB58BF632DEA539900CF357F /* ProsperlyUITests */,
			);
		};
/* End PBXProject section */

/* Begin PBXResourcesBuildPhase section */
		DB58BF442DEA539900CF357F /* Resources */ = {
			isa = PBXResourcesBuildPhase;
			buildActionMask = 2147483647;
			files = (
			);
			runOnlyForDeploymentPostprocessing = 0;
		};
		DB58BF582DEA539900CF357F /* Resources */ = {
			isa = PBXResourcesBuildPhase;
			buildActionMask = 2147483647;
			files = (
			);
			runOnlyForDeploymentPostprocessing = 0;
		};
		DB58BF622DEA539900CF357F /* Resources */ = {
			isa = PBXResourcesBuildPhase;
			buildActionMask = 2147483647;
			files = (
			);
			runOnlyForDeploymentPostprocessing = 0;
		};
/* End PBXResourcesBuildPhase section */

/* Begin PBXSourcesBuildPhase section */
		DB58BF422DEA539900CF357F /* Sources */ = {
			isa = PBXSourcesBuildPhase;
			buildActionMask = 2147483647;
			files = (
			);
			runOnlyForDeploymentPostprocessing = 0;
		};
		DB58BF562DEA539900CF357F /* Sources */ = {
			isa = PBXSourcesBuildPhase;
			buildActionMask = 2147483647;
			files = (
			);
			runOnlyForDeploymentPostprocessing = 0;
		};
		DB58BF602DEA539900CF357F /* Sources */ = {
			isa = PBXSourcesBuildPhase;
			buildActionMask = 2147483647;
			files = (
			);
			runOnlyForDeploymentPostprocessing = 0;
		};
/* End PBXSourcesBuildPhase section */

/* Begin PBXTargetDependency section */
		DB58BF5C2DEA539900CF357F /* PBXTargetDependency */ = {
			isa = PBXTargetDependency;
			target = DB58BF452DEA539900CF357F /* Prosperly */;
			targetProxy = DB58BF5B2DEA539900CF357F /* PBXContainerItemProxy */;
		};
		DB58BF662DEA539900CF357F /* PBXTargetDependency */ = {
			isa = PBXTargetDependency;
			target = DB58BF452DEA539900CF357F /* Prosperly */;
			targetProxy = DB58BF652DEA539900CF357F /* PBXContainerItemProxy */;
		};
/* End PBXTargetDependency section */

/* Begin XCBuildConfiguration section */
		DB58BF6E2DEA539900CF357F /* Debug */ = {
			isa = XCBuildConfiguration;
			buildSettings = {
				ASSETCATALOG_COMPILER_APPICON_NAME = AppIcon;
				ASSETCATALOG_COMPILER_GLOBAL_ACCENT_COLOR_NAME = AccentColor;
				CODE_SIGN_ENTITLEMENTS = Prosperly/Prosperly.entitlements;
				CODE_SIGN_STYLE = Automatic;
				CURRENT_PROJECT_VERSION = 2;
				ENABLE_PREVIEWS = YES;
				GENERATE_INFOPLIST_FILE = YES;
				INFOPLIST_FILE = Prosperly/Info.plist;
				INFOPLIST_KEY_UIApplicationSceneManifest_Generation = YES;
				INFOPLIST_KEY_UIApplicationSupportsIndirectInputEvents = YES;
				INFOPLIST_KEY_UILaunchScreen_Generation = YES;
				INFOPLIST_KEY_UISupportedInterfaceOrientations_iPad = "UIInterfaceOrientationPortrait UIInterfaceOrientationPortraitUpsideDown UIInterfaceOrientationLandscapeLeft UIInterfaceOrientationLandscapeRight";
				INFOPLIST_KEY_UISupportedInterfaceOrientations_iPhone = "UIInterfaceOrientationPortrait UIInterfaceOrientationLandscapeLeft UIInterfaceOrientationLandscapeRight";
				LD_RUNPATH_SEARCH_PATHS = (
					"$(inherited)",
					"@executable_path/Frameworks",
				);
				MARKETING_VERSION = 1;
				PRODUCT_BUNDLE_IDENTIFIER = nonstopjr.Prosperly;
				PRODUCT_NAME = "$(TARGET_NAME)";
				SWIFT_EMIT_LOC_STRINGS = YES;
				SWIFT_VERSION = 5.0;
				TARGETED_DEVICE_FAMILY = "1,2";
			};
			name = Debug;
		};
		DB58BF6F2DEA539900CF357F /* Release */ = {
			isa = XCBuildConfiguration;
			buildSettings = {
				ASSETCATALOG_COMPILER_APPICON_NAME = AppIcon;
				ASSETCATALOG_COMPILER_GLOBAL_ACCENT_COLOR_NAME = AccentColor;
				CODE_SIGN_ENTITLEMENTS = Prosperly/Prosperly.entitlements;
				CODE_SIGN_STYLE = Automatic;
				CURRENT_PROJECT_VERSION = 2;
				ENABLE_PREVIEWS = YES;
				GENERATE_INFOPLIST_FILE = YES;
				INFOPLIST_FILE = Prosperly/Info.plist;
				INFOPLIST_KEY_UIApplicationSceneManifest_Generation = YES;
				INFOPLIST_KEY_UIApplicationSupportsIndirectInputEvents = YES;
				INFOPLIST_KEY_UILaunchScreen_Generation = YES;
				INFOPLIST_KEY_UISupportedInterfaceOrientations_iPad = "UIInterfaceOrientationPortrait UIInterfaceOrientationPortraitUpsideDown UIInterfaceOrientationLandscapeLeft UIInterfaceOrientationLandscapeRight";
				INFOPLIST_KEY_UISupportedInterfaceOrientations_iPhone = "UIInterfaceOrientationPortrait UIInterfaceOrientationLandscapeLeft UIInterfaceOrientationLandscapeRight";
				LD_RUNPATH_SEARCH_PATHS = (
					"$(inherited)",
					"@executable_path/Frameworks",
				);
				MARKETING_VERSION = 1;
				PRODUCT_BUNDLE_IDENTIFIER = nonstopjr.Prosperly;
				PRODUCT_NAME = "$(TARGET_NAME)";
				SWIFT_EMIT_LOC_STRINGS = YES;
				SWIFT_VERSION = 5.0;
				TARGETED_DEVICE_FAMILY = "1,2";
			};
			name = Release;
		};
		DB58BF702DEA539900CF357F /* Debug */ = {
			isa = XCBuildConfiguration;
			buildSettings = {
				ALWAYS_SEARCH_USER_PATHS = NO;
				ASSETCATALOG_COMPILER_GENERATE_SWIFT_ASSET_SYMBOL_EXTENSIONS = YES;
				CLANG_ANALYZER_NONNULL = YES;
				CLANG_ANALYZER_NUMBER_OBJECT_CONVERSION = YES_AGGRESSIVE;
				CLANG_CXX_LANGUAGE_STANDARD = "gnu++20";
				CLANG_ENABLE_MODULES = YES;
				CLANG_ENABLE_OBJC_ARC = YES;
				CLANG_ENABLE_OBJC_WEAK = YES;
				CLANG_WARN_BLOCK_CAPTURE_AUTORELEASING = YES;
				CLANG_WARN_BOOL_CONVERSION = YES;
				CLANG_WARN_COMMA = YES;
				CLANG_WARN_CONSTANT_CONVERSION = YES;
				CLANG_WARN_DEPRECATED_OBJC_IMPLEMENTATIONS = YES;
				CLANG_WARN_DIRECT_OBJC_ISA_USAGE = YES_ERROR;
				CLANG_WARN_DOCUMENTATION_COMMENTS = YES;
				CLANG_WARN_EMPTY_BODY = YES;
				CLANG_WARN_ENUM_CONVERSION = YES;
				CLANG_WARN_INFINITE_RECURSION = YES;
				CLANG_WARN_INT_CONVERSION = YES;
				CLANG_WARN_NON_LITERAL_NULL_CONVERSION = YES;
				CLANG_WARN_OBJC_IMPLICIT_RETAIN_SELF = YES;
				CLANG_WARN_OBJC_LITERAL_CONVERSION = YES;
				CLANG_WARN_OBJC_ROOT_CLASS = YES_ERROR;
				CLANG_WARN_QUOTED_INCLUDE_IN_FRAMEWORK_HEADER = YES;
				CLANG_WARN_RANGE_LOOP_ANALYSIS = YES;
				CLANG_WARN_STRICT_PROTOTYPES = YES;
				CLANG_WARN_SUSPICIOUS_MOVE = YES;
				CLANG_WARN_UNGUARDED_AVAILABILITY = YES_AGGRESSIVE;
				CLANG_WARN_UNREACHABLE_CODE = YES;
				CLANG_WARN__DUPLICATE_METHOD_MATCH = YES;
				COPY_PHASE_STRIP = NO;
				DEBUG_INFORMATION_FORMAT = dwarf;
				ENABLE_STRICT_OBJC_MSGSEND = YES;
				ENABLE_TESTABILITY = YES;
				ENABLE_USER_SCRIPT_SANDBOXING = YES;
				GCC_C_LANGUAGE_STANDARD = gnu17;
				GCC_DYNAMIC_NO_PIC = NO;
				GCC_NO_COMMON_BLOCKS = YES;
				GCC_OPTIMIZATION_LEVEL = 0;
				GCC_PREPROCESSOR_DEFINITIONS = (
					"DEBUG=1",
					"$(inherited)",
				);
				GCC_WARN_64_TO_32_BIT_CONVERSION = YES;
				GCC_WARN_ABOUT_RETURN_TYPE = YES_ERROR;
				GCC_WARN_UNDECLARED_SELECTOR = YES;
				GCC_WARN_UNINITIALIZED_AUTOS = YES_AGGRESSIVE;
				GCC_WARN_UNUSED_FUNCTION = YES;
				GCC_WARN_UNUSED_VARIABLE = YES;
				IPHONEOS_DEPLOYMENT_TARGET = 18.4;
				LOCALIZATION_PREFERS_STRING_CATALOGS = YES;
				MTL_ENABLE_DEBUG_INFO = INCLUDE_SOURCE;
				MTL_FAST_MATH = YES;
				ONLY_ACTIVE_ARCH = YES;
				SDKROOT = iphoneos;
				SWIFT_ACTIVE_COMPILATION_CONDITIONS = "DEBUG $(inherited)";
				SWIFT_OPTIMIZATION_LEVEL = "-Onone";
			};
			name = Debug;
		};
		DB58BF712DEA539900CF357F /* Release */ = {
			isa = XCBuildConfiguration;
			buildSettings = {
				ALWAYS_SEARCH_USER_PATHS = NO;
				ASSETCATALOG_COMPILER_GENERATE_SWIFT_ASSET_SYMBOL_EXTENSIONS = YES;
				CLANG_ANALYZER_NONNULL = YES;
				CLANG_ANALYZER_NUMBER_OBJECT_CONVERSION = YES_AGGRESSIVE;
				CLANG_CXX_LANGUAGE_STANDARD = "gnu++20";
				CLANG_ENABLE_MODULES = YES;
				CLANG_ENABLE_OBJC_ARC = YES;
				CLANG_ENABLE_OBJC_WEAK = YES;
				CLANG_WARN_BLOCK_CAPTURE_AUTORELEASING = YES;
				CLANG_WARN_BOOL_CONVERSION = YES;
				CLANG_WARN_COMMA = YES;
				CLANG_WARN_CONSTANT_CONVERSION = YES;
				CLANG_WARN_DEPRECATED_OBJC_IMPLEMENTATIONS = YES;
				CLANG_WARN_DIRECT_OBJC_ISA_USAGE = YES_ERROR;
				CLANG_WARN_DOCUMENTATION_COMMENTS = YES;
				CLANG_WARN_EMPTY_BODY = YES;
				CLANG_WARN_ENUM_CONVERSION = YES;
				CLANG_WARN_INFINITE_RECURSION = YES;
				CLANG_WARN_INT_CONVERSION = YES;
				CLANG_WARN_NON_LITERAL_NULL_CONVERSION = YES;
				CLANG_WARN_OBJC_IMPLICIT_RETAIN_SELF = YES;
				CLANG_WARN_OBJC_LITERAL_CONVERSION = YES;
				CLANG_WARN_OBJC_ROOT_CLASS = YES_ERROR;
				CLANG_WARN_QUOTED_INCLUDE_IN_FRAMEWORK_HEADER = YES;
				CLANG_WARN_RANGE_LOOP_ANALYSIS = YES;
				CLANG_WARN_STRICT_PROTOTYPES = YES;
				CLANG_WARN_SUSPICIOUS_MOVE = YES;
				CLANG_WARN_UNGUARDED_AVAILABILITY = YES_AGGRESSIVE;
				CLANG_WARN_UNREACHABLE_CODE = YES;
				CLANG_WARN__DUPLICATE_METHOD_MATCH = YES;
				COPY_PHASE_STRIP = NO;
				DEBUG_INFORMATION_FORMAT = "dwarf-with-dsym";
				ENABLE_NS_ASSERTIONS = NO;
				ENABLE_STRICT_OBJC_MSGSEND = YES;
				ENABLE_USER_SCRIPT_SANDBOXING = YES;
				GCC_C_LANGUAGE_STANDARD = gnu17;
				GCC_NO_COMMON_BLOCKS = YES;
				GCC_WARN_64_TO_32_BIT_CONVERSION = YES;
				GCC_WARN_ABOUT_RETURN_TYPE = YES_ERROR;
				GCC_WARN_UNDECLARED_SELECTOR = YES;
				GCC_WARN_UNINITIALIZED_AUTOS = YES_AGGRESSIVE;
				GCC_WARN_UNUSED_FUNCTION = YES;
				GCC_WARN_UNUSED_VARIABLE = YES;
				IPHONEOS_DEPLOYMENT_TARGET = 18.4;
				LOCALIZATION_PREFERS_STRING_CATALOGS = YES;
				MTL_ENABLE_DEBUG_INFO = NO;
				MTL_FAST_MATH = YES;
				SDKROOT = iphoneos;
				SWIFT_COMPILATION_MODE = wholemodule;
				VALIDATE_PRODUCT = YES;
			};
			name = Release;
		};
		DB58BF732DEA539900CF357F /* Debug */ = {
			isa = XCBuildConfiguration;
			buildSettings = {
				BUNDLE_LOADER = "$(TEST_HOST)";
				CODE_SIGN_STYLE = Automatic;
				CURRENT_PROJECT_VERSION = 1;
				GENERATE_INFOPLIST_FILE = YES;
				IPHONEOS_DEPLOYMENT_TARGET = 18.4;
				MARKETING_VERSION = 1.0;
				PRODUCT_BUNDLE_IDENTIFIER = nonstopjr.ProsperlyTests;
				PRODUCT_NAME = "$(TARGET_NAME)";
				SWIFT_EMIT_LOC_STRINGS = NO;
				SWIFT_VERSION = 5.0;
				TARGETED_DEVICE_FAMILY = "1,2";
				TEST_HOST = "$(BUILT_PRODUCTS_DIR)/Prosperly.app/$(BUNDLE_EXECUTABLE_FOLDER_PATH)/Prosperly";
			};
			name = Debug;
		};
		DB58BF742DEA539900CF357F /* Release */ = {
			isa = XCBuildConfiguration;
			buildSettings = {
				BUNDLE_LOADER = "$(TEST_HOST)";
				CODE_SIGN_STYLE = Automatic;
				CURRENT_PROJECT_VERSION = 1;
				GENERATE_INFOPLIST_FILE = YES;
				IPHONEOS_DEPLOYMENT_TARGET = 18.4;
				MARKETING_VERSION = 1.0;
				PRODUCT_BUNDLE_IDENTIFIER = nonstopjr.ProsperlyTests;
				PRODUCT_NAME = "$(TARGET_NAME)";
				SWIFT_EMIT_LOC_STRINGS = NO;
				SWIFT_VERSION = 5.0;
				TARGETED_DEVICE_FAMILY = "1,2";
				TEST_HOST = "$(BUILT_PRODUCTS_DIR)/Prosperly.app/$(BUNDLE_EXECUTABLE_FOLDER_PATH)/Prosperly";
			};
			name = Release;
		};
		DB58BF762DEA539900CF357F /* Debug */ = {
			isa = XCBuildConfiguration;
			buildSettings = {
				CODE_SIGN_STYLE = Automatic;
				CURRENT_PROJECT_VERSION = 1;
				GENERATE_INFOPLIST_FILE = YES;
				MARKETING_VERSION = 1.0;
				PRODUCT_BUNDLE_IDENTIFIER = nonstopjr.ProsperlyUITests;
				PRODUCT_NAME = "$(TARGET_NAME)";
				SWIFT_EMIT_LOC_STRINGS = NO;
				SWIFT_VERSION = 5.0;
				TARGETED_DEVICE_FAMILY = "1,2";
				TEST_TARGET_NAME = Prosperly;
			};
			name = Debug;
		};
		DB58BF772DEA539900CF357F /* Release */ = {
			isa = XCBuildConfiguration;
			buildSettings = {
				CODE_SIGN_STYLE = Automatic;
				CURRENT_PROJECT_VERSION = 1;
				GENERATE_INFOPLIST_FILE = YES;
				MARKETING_VERSION = 1.0;
				PRODUCT_BUNDLE_IDENTIFIER = nonstopjr.ProsperlyUITests;
				PRODUCT_NAME = "$(TARGET_NAME)";
				SWIFT_EMIT_LOC_STRINGS = NO;
				SWIFT_VERSION = 5.0;
				TARGETED_DEVICE_FAMILY = "1,2";
				TEST_TARGET_NAME = Prosperly;
			};
			name = Release;
		};
/* End XCBuildConfiguration section */

/* Begin XCConfigurationList section */
		DB58BF412DEA539900CF357F /* Build configuration list for PBXProject "Prosperly" */ = {
			isa = XCConfigurationList;
			buildConfigurations = (
				DB58BF702DEA539900CF357F /* Debug */,
				DB58BF712DEA539900CF357F /* Release */,
			);
			defaultConfigurationIsVisible = 0;
			defaultConfigurationName = Release;
		};
		DB58BF6D2DEA539900CF357F /* Build configuration list for PBXNativeTarget "Prosperly" */ = {
			isa = XCConfigurationList;
			buildConfigurations = (
				DB58BF6E2DEA539900CF357F /* Debug */,
				DB58BF6F2DEA539900CF357F /* Release */,
			);
			defaultConfigurationIsVisible = 0;
			defaultConfigurationName = Release;
		};
		DB58BF722DEA539900CF357F /* Build configuration list for PBXNativeTarget "ProsperlyTests" */ = {
			isa = XCConfigurationList;
			buildConfigurations = (
				DB58BF732DEA539900CF357F /* Debug */,
				DB58BF742DEA539900CF357F /* Release */,
			);
			defaultConfigurationIsVisible = 0;
			defaultConfigurationName = Release;
		};
		DB58BF752DEA539900CF357F /* Build configuration list for PBXNativeTarget "ProsperlyUITests" */ = {
			isa = XCConfigurationList;
			buildConfigurations = (
				DB58BF762DEA539900CF357F /* Debug */,
				DB58BF772DEA539900CF357F /* Release */,
			);
			defaultConfigurationIsVisible = 0;
			defaultConfigurationName = Release;
		};
/* End XCConfigurationList section */
	};
	rootObject = DB58BF3E2DEA539900CF357F /* Project object */;
}
